
Microsoft Visual Studio Solution File, Format Version 12.00
# Visual Studio Version 16
VisualStudioVersion = 16.0.29424.173
MinimumVisualStudioVersion = 10.0.40219.1
Project("{9A19103F-16F7-4668-BE54-9A1E7A4F7556}") = "FtpExtractor", "FtpExtractor.csproj", "{6EFCDF6C-AA8D-4843-8A3C-204F274A8EF9}"
EndProject
Global
	GlobalSection(SolutionConfigurationPlatforms) = preSolution
		Debug|Any CPU = Debug|Any CPU
		Release|Any CPU = Release|Any CPU
	EndGlobalSection
	GlobalSection(ProjectConfigurationPlatforms) = postSolution
		{6EFCDF6C-AA8D-4843-8A3C-204F274A8EF9}.Debug|Any CPU.ActiveCfg = Debug|Any CPU
		{6EFCDF6C-AA8D-4843-8A3C-204F274A8EF9}.Debug|Any CPU.Build.0 = Debug|Any CPU
		{6EFCDF6C-AA8D-4843-8A3C-204F274A8EF9}.Release|Any CPU.ActiveCfg = Release|Any CPU
		{6EFCDF6C-AA8D-4843-8A3C-204F274A8EF9}.Release|Any CPU.Build.0 = Release|Any CPU
	EndGlobalSection
	GlobalSection(SolutionProperties) = preSolution
		HideSolutionNode = FALSE
	EndGlobalSection
	GlobalSection(ExtensibilityGlobals) = postSolution
		SolutionGuid = {4AA8315F-9F9B-4044-B97C-1FF5012AB376}
	EndGlobalSection
EndGlobal
